
Microsoft Visual Studio Solution File, Format Version 12.00
# Visual Studio Version 17
VisualStudioVersion = 17.6.33723.286
MinimumVisualStudioVersion = 10.0.40219.1
Project("{FAE04EC0-301F-11D3-BF4B-00C04F79EFBC}") = "BullsAndCowsFinal", "BullsAndCowsFinal.csproj", "{79AB2AE6-9ABA-4DE6-9EE7-345D85A2BC9C}"
EndProject
Global
	GlobalSection(SolutionConfigurationPlatforms) = preSolution
		Debug|Any CPU = Debug|Any CPU
		Release|Any CPU = Release|Any CPU
	EndGlobalSection
	GlobalSection(ProjectConfigurationPlatforms) = postSolution
		{79AB2AE6-9ABA-4DE6-9EE7-345D85A2BC9C}.Debug|Any CPU.ActiveCfg = Debug|Any CPU
		{79AB2AE6-9ABA-4DE6-9EE7-345D85A2BC9C}.Debug|Any CPU.Build.0 = Debug|Any CPU
		{79AB2AE6-9ABA-4DE6-9EE7-345D85A2BC9C}.Release|Any CPU.ActiveCfg = Release|Any CPU
		{79AB2AE6-9ABA-4DE6-9EE7-345D85A2BC9C}.Release|Any CPU.Build.0 = Release|Any CPU
	EndGlobalSection
	GlobalSection(SolutionProperties) = preSolution
		HideSolutionNode = FALSE
	EndGlobalSection
	GlobalSection(ExtensibilityGlobals) = postSolution
		SolutionGuid = {C4E9C5B2-A00D-489D-B9BB-F170026AFB19}
	EndGlobalSection
EndGlobal
